
Microsoft Visual Studio Solution File, Format Version 12.00
# Visual Studio 15
VisualStudioVersion = 15.0.27130.2003
MinimumVisualStudioVersion = 10.0.40219.1
Project("{FAE04EC0-301F-11D3-BF4B-00C04F79EFBC}") = "简单工厂模式", "简单工厂模式\简单工厂模式.csproj", "{1B605012-D169-4B0C-B2A0-49320E7F91E9}"
EndProject
Project("{FAE04EC0-301F-11D3-BF4B-00C04F79EFBC}") = "工厂方法模式", "工厂方法模式\工厂方法模式.csproj", "{8F20D1FA-6726-4936-9F0D-6C52C40AA674}"
EndProject
Project("{FAE04EC0-301F-11D3-BF4B-00C04F79EFBC}") = "抽象工厂模式", "抽象工厂模式\抽象工厂模式.csproj", "{42E63CC3-C5A7-4F21-84F5-6C79F7AEACE8}"
EndProject
Project("{FAE04EC0-301F-11D3-BF4B-00C04F79EFBC}") = "建造者模式", "建造者模式\建造者模式.csproj", "{F5BE6E79-9105-42F1-A32F-02CC4646AB98}"
EndProject
Project("{FAE04EC0-301F-11D3-BF4B-00C04F79EFBC}") = "原型模式", "原型模式\原型模式.csproj", "{19D26DDC-D496-423B-B5EB-325767220B39}"
EndProject
Project("{FAE04EC0-301F-11D3-BF4B-00C04F79EFBC}") = "单例模式", "单例模式\单例模式.csproj", "{1811C9F4-28A9-453B-9D73-008AF326906A}"
EndProject
Global
	GlobalSection(SolutionConfigurationPlatforms) = preSolution
		Debug|Any CPU = Debug|Any CPU
		Release|Any CPU = Release|Any CPU
	EndGlobalSection
	GlobalSection(ProjectConfigurationPlatforms) = postSolution
		{1B605012-D169-4B0C-B2A0-49320E7F91E9}.Debug|Any CPU.ActiveCfg = Debug|Any CPU
		{1B605012-D169-4B0C-B2A0-49320E7F91E9}.Debug|Any CPU.Build.0 = Debug|Any CPU
		{1B605012-D169-4B0C-B2A0-49320E7F91E9}.Release|Any CPU.ActiveCfg = Release|Any CPU
		{1B605012-D169-4B0C-B2A0-49320E7F91E9}.Release|Any CPU.Build.0 = Release|Any CPU
		{8F20D1FA-6726-4936-9F0D-6C52C40AA674}.Debug|Any CPU.ActiveCfg = Debug|Any CPU
		{8F20D1FA-6726-4936-9F0D-6C52C40AA674}.Debug|Any CPU.Build.0 = Debug|Any CPU
		{8F20D1FA-6726-4936-9F0D-6C52C40AA674}.Release|Any CPU.ActiveCfg = Release|Any CPU
		{8F20D1FA-6726-4936-9F0D-6C52C40AA674}.Release|Any CPU.Build.0 = Release|Any CPU
		{42E63CC3-C5A7-4F21-84F5-6C79F7AEACE8}.Debug|Any CPU.ActiveCfg = Debug|Any CPU
		{42E63CC3-C5A7-4F21-84F5-6C79F7AEACE8}.Debug|Any CPU.Build.0 = Debug|Any CPU
		{42E63CC3-C5A7-4F21-84F5-6C79F7AEACE8}.Release|Any CPU.ActiveCfg = Release|Any CPU
		{42E63CC3-C5A7-4F21-84F5-6C79F7AEACE8}.Release|Any CPU.Build.0 = Release|Any CPU
		{F5BE6E79-9105-42F1-A32F-02CC4646AB98}.Debug|Any CPU.ActiveCfg = Debug|Any CPU
		{F5BE6E79-9105-42F1-A32F-02CC4646AB98}.Debug|Any CPU.Build.0 = Debug|Any CPU
		{F5BE6E79-9105-42F1-A32F-02CC4646AB98}.Release|Any CPU.ActiveCfg = Release|Any CPU
		{F5BE6E79-9105-42F1-A32F-02CC4646AB98}.Release|Any CPU.Build.0 = Release|Any CPU
		{19D26DDC-D496-423B-B5EB-325767220B39}.Debug|Any CPU.ActiveCfg = Debug|Any CPU
		{19D26DDC-D496-423B-B5EB-325767220B39}.Debug|Any CPU.Build.0 = Debug|Any CPU
		{19D26DDC-D496-423B-B5EB-325767220B39}.Release|Any CPU.ActiveCfg = Release|Any CPU
		{19D26DDC-D496-423B-B5EB-325767220B39}.Release|Any CPU.Build.0 = Release|Any CPU
		{1811C9F4-28A9-453B-9D73-008AF326906A}.Debug|Any CPU.ActiveCfg = Debug|Any CPU
		{1811C9F4-28A9-453B-9D73-008AF326906A}.Debug|Any CPU.Build.0 = Debug|Any CPU
		{1811C9F4-28A9-453B-9D73-008AF326906A}.Release|Any CPU.ActiveCfg = Release|Any CPU
		{1811C9F4-28A9-453B-9D73-008AF326906A}.Release|Any CPU.Build.0 = Release|Any CPU
	EndGlobalSection
	GlobalSection(SolutionProperties) = preSolution
		HideSolutionNode = FALSE
	EndGlobalSection
	GlobalSection(ExtensibilityGlobals) = postSolution
		SolutionGuid = {0C883FE2-F166-4D94-B659-222AAFB27465}
	EndGlobalSection
EndGlobal
